<?xml version="1.0" encoding="utf-8"?>
<Project ToolsVersion="4.0" xmlns="http://schemas.microsoft.com/developer/msbuild/2003">
  <ItemGroup>
    <ClCompile Include="ProceduralMapGenerator\Application\Application.cpp" />
    <ClCompile Include="ProceduralMapGenerator\Application\Tilemap.cpp" />
    <ClCompile Include="ProceduralMapGenerator\Application\WindowsHelper.cpp" />
    <ClCompile Include="ProceduralMapGenerator\Generator\Cave.cpp" />
    <ClCompile Include="ProceduralMapGenerator\Generator\Dungeon.cpp" />
    <ClCompile Include="ProceduralMapGenerator\Generator\Forest.cpp" />
    <ClCompile Include="ProceduralMapGenerator\Generator\Generator.cpp" />
    <ClCompile Include="ProceduralMapGenerator\Generator\Room.cpp" />
    <ClCompile Include="ProceduralMapGenerator\Generator\Spaceship.cpp" />
    <ClCompile Include="ProceduralMapGenerator\Map\Map.cpp" />
    <ClCompile Include="ProceduralMapGenerator\Utility\Direction.cpp" />
    <ClCompile Include="ProceduralMapGenerator\Utility\Rng.cpp" />
    <ClCompile Include="ProceduralMapGenerator\Utility\Utility.cpp" />
    <ClCompile Include="ProceduralMapGenerator\Main.cpp" />
  </ItemGroup>
  <ItemGroup>
    <ClInclude Include="ProceduralMapGenerator\Application\Application.hpp" />
    <ClInclude Include="ProceduralMapGenerator\Application\Tilemap.hpp" />
    <ClInclude Include="ProceduralMapGenerator\Application\WindowsHelper.hpp" />
    <ClInclude Include="ProceduralMapGenerator\Generator\Cave.hpp" />
    <ClInclude Include="ProceduralMapGenerator\Generator\Dungeon.hpp" />
    <ClInclude Include="ProceduralMapGenerator\Generator\Forest.hpp" />
    <ClInclude Include="ProceduralMapGenerator\Generator\Generator.hpp" />
    <ClInclude Include="ProceduralMapGenerator\Generator\Room.hpp" />
    <ClInclude Include="ProceduralMapGenerator\Generator\Spaceship.hpp" />
    <ClInclude Include="ProceduralMapGenerator\Map\Map.hpp" />
    <ClInclude Include="ProceduralMapGenerator\Map\Tile.hpp" />
    <ClInclude Include="ProceduralMapGenerator\Utility\Direction.hpp" />
    <ClInclude Include="ProceduralMapGenerator\Utility\Rng.hpp" />
    <ClInclude Include="ProceduralMapGenerator\Utility\Utility.hpp" />
  </ItemGroup>
</Project>