<?xml version="1.0" encoding="utf-8"?>
<Project ToolsVersion="4.0" xmlns="http://schemas.microsoft.com/developer/msbuild/2003">
  <ItemGroup>
    <Filter Include="소스 파일">
      <UniqueIdentifier>{4FC737F1-C7A5-4376-A066-2A32D752A2FF}</UniqueIdentifier>
      <Extensions>cpp;c;cc;cxx;def;odl;idl;hpj;bat;asm;asmx</Extensions>
    </Filter>
    <Filter Include="헤더 파일">
      <UniqueIdentifier>{93995380-89BD-4b04-88EB-625FBE52EBFB}</UniqueIdentifier>
      <Extensions>h;hh;hpp;hxx;hm;inl;inc;ipp;xsd</Extensions>
    </Filter>
    <Filter Include="리소스 파일">
      <UniqueIdentifier>{67DA6AB6-F800-4c08-8B7A-83BB121AAD01}</UniqueIdentifier>
      <Extensions>rc;ico;cur;bmp;dlg;rc2;rct;bin;rgs;gif;jpg;jpeg;jpe;resx;tiff;tif;png;wav;mfcribbon-ms</Extensions>
    </Filter>
  </ItemGroup>
  <ItemGroup>
    <ClCompile Include="common\TextRPG.cpp">
      <Filter>소스 파일</Filter>
    </ClCompile>
    <ClCompile Include="common\Vector2.cpp">
      <Filter>소스 파일</Filter>
    </ClCompile>
    <ClCompile Include="common\이동생성자.cpp">
      <Filter>소스 파일</Filter>
    </ClCompile>
    <ClCompile Include="common\표준 이동생성자.cpp">
      <Filter>소스 파일</Filter>
    </ClCompile>
    <ClCompile Include="common\문자열 동적배열.cpp">
      <Filter>소스 파일</Filter>
    </ClCompile>
    <ClCompile Include="common\문자열 동적배열 모범.cpp">
      <Filter>소스 파일</Filter>
    </ClCompile>
    <ClCompile Include="common\플래그.cpp">
      <Filter>소스 파일</Filter>
    </ClCompile>
    <ClCompile Include="common\문자열 동적배열 수정전.cpp">
      <Filter>소스 파일</Filter>
    </ClCompile>
    <ClCompile Include="common\[_] Effective C++.cpp">
      <Filter>소스 파일</Filter>
    </ClCompile>
    <ClCompile Include="common\문자를 숫자로.cpp">
      <Filter>소스 파일</Filter>
    </ClCompile>
    <ClCompile Include="common\문자를 숫자로.c">
      <Filter>소스 파일</Filter>
    </ClCompile>
    <ClCompile Include="common\Shared_ptr,  Weak_ptr.cpp">
      <Filter>소스 파일</Filter>
    </ClCompile>
    <ClCompile Include="common\사이 짝수 합 %28수학적인 방법%29.cpp">
      <Filter>소스 파일</Filter>
    </ClCompile>
    <ClCompile Include="common\_C, C++ 기본 문법 문제 1.cpp">
      <Filter>소스 파일</Filter>
    </ClCompile>
    <ClCompile Include="common\_C, C++ 기본 문법 문제 2.cpp">
      <Filter>소스 파일</Filter>
    </ClCompile>
    <ClCompile Include="common\3차원 배열 동적할당.cpp">
      <Filter>소스 파일</Filter>
    </ClCompile>
    <ClCompile Include="common\find_if로 문자 포함된 모든 요소 검색 + 부정자 사용.cpp">
      <Filter>소스 파일</Filter>
    </ClCompile>
    <ClCompile Include="common\integer overflow, strcpy함수, null terminated string, stack overflow.cpp">
      <Filter>소스 파일</Filter>
    </ClCompile>
    <ClCompile Include="common\람다 예제.cpp">
      <Filter>소스 파일</Filter>
    </ClCompile>
    <ClCompile Include="common\콘솔창 문자 이동.cpp">
      <Filter>소스 파일</Filter>
    </ClCompile>
    <ClCompile Include="common\문자열 함수 구현.cpp">
      <Filter>소스 파일</Filter>
    </ClCompile>
    <ClCompile Include="common\복사생성자 복사대입연산자 이동생성자 이동대입연산자.cpp">
      <Filter>소스 파일</Filter>
    </ClCompile>
    <ClCompile Include="common\스택 계산기.c">
      <Filter>소스 파일</Filter>
    </ClCompile>
    <ClCompile Include="common\스택 계산기.cpp">
      <Filter>소스 파일</Filter>
    </ClCompile>
    <ClCompile Include="common\연산자 정리.cpp">
      <Filter>소스 파일</Filter>
    </ClCompile>
    <ClCompile Include="common\입력 버퍼 스트림 지우기.cpp">
      <Filter>소스 파일</Filter>
    </ClCompile>
    <ClCompile Include="common\주소 입력 - 링크드 리스트.c">
      <Filter>소스 파일</Filter>
    </ClCompile>
    <ClCompile Include="common\주소 입력 - 벡터화.cpp">
      <Filter>소스 파일</Filter>
    </ClCompile>
    <ClCompile Include="common\주소 입력 - 클래스화.cpp">
      <Filter>소스 파일</Filter>
    </ClCompile>
    <ClCompile Include="common\포인터 연산.c">
      <Filter>소스 파일</Filter>
    </ClCompile>
    <ClCompile Include="common\프로젝트 경로.cpp">
      <Filter>소스 파일</Filter>
    </ClCompile>
    <ClCompile Include="common\qsort.c">
      <Filter>소스 파일</Filter>
    </ClCompile>
    <ClCompile Include="common\내적.cpp">
      <Filter>소스 파일</Filter>
    </ClCompile>
    <ClCompile Include="common\strstr.cpp">
      <Filter>소스 파일</Filter>
    </ClCompile>
    <ClCompile Include="common\DFS, BFS.cpp">
      <Filter>소스 파일</Filter>
    </ClCompile>
    <ClCompile Include="common\가변인자함수 %28백준1463%29.cpp">
      <Filter>소스 파일</Filter>
    </ClCompile>
    <ClCompile Include="common\두더지 게임 백업.cpp">
      <Filter>소스 파일</Filter>
    </ClCompile>
    <ClCompile Include="common\정렬의 모든 것.cpp">
      <Filter>소스 파일</Filter>
    </ClCompile>
    <ClCompile Include="common\dynamic_cast.cpp">
      <Filter>소스 파일</Filter>
    </ClCompile>
    <ClCompile Include="common\마우스 매크로.cpp">
      <Filter>소스 파일</Filter>
    </ClCompile>
    <ClCompile Include="common\코드 실행 시간 측정.cpp">
      <Filter>소스 파일</Filter>
    </ClCompile>
    <ClCompile Include="common\다항식 %28미완성%29.cpp">
      <Filter>소스 파일</Filter>
    </ClCompile>
    <ClCompile Include="stack\checkMatching.cpp">
      <Filter>소스 파일</Filter>
    </ClCompile>
    <ClCompile Include="stack\evalPostfixMain.cpp">
      <Filter>소스 파일</Filter>
    </ClCompile>
    <ClCompile Include="stack\studentStack.cpp">
      <Filter>소스 파일</Filter>
    </ClCompile>
    <ClCompile Include="common\디아블로식 인벤토리 - 모범.cpp">
      <Filter>소스 파일</Filter>
    </ClCompile>
    <ClCompile Include="common\디아블로식 인벤토리.cpp">
      <Filter>소스 파일</Filter>
    </ClCompile>
    <ClCompile Include="common\사다리.cpp">
      <Filter>소스 파일</Filter>
    </ClCompile>
    <ClCompile Include="common\셔플1.cpp">
      <Filter>소스 파일</Filter>
    </ClCompile>
    <ClCompile Include="stack\location2D.cpp">
      <Filter>소스 파일</Filter>
    </ClCompile>
    <ClCompile Include="queue,deque\bfs %28queue%29.cpp">
      <Filter>소스 파일</Filter>
    </ClCompile>
    <ClCompile Include="queue,deque\circularDeque.cpp">
      <Filter>소스 파일</Filter>
    </ClCompile>
    <ClCompile Include="queue,deque\circularQueue.cpp">
      <Filter>소스 파일</Filter>
    </ClCompile>
    <ClCompile Include="queue,deque\dfs,bfs %28deque%29.cpp">
      <Filter>소스 파일</Filter>
    </ClCompile>
    <ClCompile Include="queue,deque\fibonachi %28queue%29.cpp">
      <Filter>소스 파일</Filter>
    </ClCompile>
    <ClCompile Include="linkedListStack\studentLinkedStack.cpp">
      <Filter>소스 파일</Filter>
    </ClCompile>
    <ClCompile Include="linkedListQueue\studentQueueMain.cpp">
      <Filter>소스 파일</Filter>
    </ClCompile>
    <ClCompile Include="linkedListQueue\linkedQueue.cpp">
      <Filter>소스 파일</Filter>
    </ClCompile>
    <ClCompile Include="list\arrayList.cpp">
      <Filter>소스 파일</Filter>
    </ClCompile>
    <ClCompile Include="list\linkedList.cpp">
      <Filter>소스 파일</Filter>
    </ClCompile>
    <ClCompile Include="list\dblLinkedList.cpp">
      <Filter>소스 파일</Filter>
    </ClCompile>
    <ClCompile Include="list\linkedDeque.cpp">
      <Filter>소스 파일</Filter>
    </ClCompile>
    <ClCompile Include="linkedListtextEditor\textEditor.cpp">
      <Filter>소스 파일</Filter>
    </ClCompile>
    <ClCompile Include="common\거듭제곱 알고리즘.cpp">
      <Filter>소스 파일</Filter>
    </ClCompile>
    <ClCompile Include="common\하노이의 탑 알고리즘.cpp">
      <Filter>소스 파일</Filter>
    </ClCompile>
    <ClCompile Include="recursion\connectedComponent.cpp">
      <Filter>소스 파일</Filter>
    </ClCompile>
    <ClCompile Include="recursion\location2DRecursion.cpp">
      <Filter>소스 파일</Filter>
    </ClCompile>
    <ClCompile Include="recursion\순환 예제.cpp">
      <Filter>소스 파일</Filter>
    </ClCompile>
    <ClCompile Include="binaryTree\binaryTree.cpp">
      <Filter>소스 파일</Filter>
    </ClCompile>
    <ClCompile Include="binaryTree\binSrchTree.cpp">
      <Filter>소스 파일</Filter>
    </ClCompile>
    <ClCompile Include="binaryTree\recordDictionary.cpp">
      <Filter>소스 파일</Filter>
    </ClCompile>
    <ClCompile Include="binaryTree\threadedBinTree.cpp">
      <Filter>소스 파일</Filter>
    </ClCompile>
    <ClCompile Include="heap,priorityQueue\heapSort.cpp">
      <Filter>소스 파일</Filter>
    </ClCompile>
    <ClCompile Include="heap,priorityQueue\hoffmanCode.cpp">
      <Filter>소스 파일</Filter>
    </ClCompile>
    <ClCompile Include="heap,priorityQueue\maxHeap.cpp">
      <Filter>소스 파일</Filter>
    </ClCompile>
    <ClCompile Include="graph\adjListGraph.cpp">
      <Filter>소스 파일</Filter>
    </ClCompile>
    <ClCompile Include="graph\adjMatGraph.cpp">
      <Filter>소스 파일</Filter>
    </ClCompile>
    <ClCompile Include="graph\connectedComponentGraph.cpp">
      <Filter>소스 파일</Filter>
    </ClCompile>
    <ClCompile Include="graph\srchALGraph.cpp">
      <Filter>소스 파일</Filter>
    </ClCompile>
    <ClCompile Include="graph\srchAMGraph.cpp">
      <Filter>소스 파일</Filter>
    </ClCompile>
    <ClCompile Include="graph\topoSortGraph.cpp">
      <Filter>소스 파일</Filter>
    </ClCompile>
    <ClCompile Include="wGraph\shortestPathDijkstra.cpp">
      <Filter>소스 파일</Filter>
    </ClCompile>
    <ClCompile Include="wGraph\shortestPathFloyd.cpp">
      <Filter>소스 파일</Filter>
    </ClCompile>
    <ClCompile Include="wGraph\wGraph.cpp">
      <Filter>소스 파일</Filter>
    </ClCompile>
    <ClCompile Include="wGraph\wGraphMST.cpp">
      <Filter>소스 파일</Filter>
    </ClCompile>
    <ClCompile Include="codingTest\[_백준포맷_].cpp">
      <Filter>소스 파일</Filter>
    </ClCompile>
    <ClCompile Include="common\병합 정렬.cpp">
      <Filter>소스 파일</Filter>
    </ClCompile>
    <ClCompile Include="codingTest\[_리트코드포맷_].cpp">
      <Filter>소스 파일</Filter>
    </ClCompile>
    <ClCompile Include="codingTest\[_프로그래머스포맷_].cpp">
      <Filter>소스 파일</Filter>
    </ClCompile>
    <ClCompile Include="CheckMemoryLeak.cpp">
      <Filter>소스 파일</Filter>
    </ClCompile>
  </ItemGroup>
  <ItemGroup>
    <ClInclude Include="common\Turboc.h">
      <Filter>헤더 파일</Filter>
    </ClInclude>
    <ClInclude Include="stack\arrayStack.h">
      <Filter>헤더 파일</Filter>
    </ClInclude>
    <ClInclude Include="stack\operandStack.h">
      <Filter>헤더 파일</Filter>
    </ClInclude>
    <ClInclude Include="stack\studentStack.h">
      <Filter>헤더 파일</Filter>
    </ClInclude>
    <ClInclude Include="stack\location2D.h">
      <Filter>헤더 파일</Filter>
    </ClInclude>
    <ClInclude Include="queue,deque\backSimulator%28미완성%29.h">
      <Filter>헤더 파일</Filter>
    </ClInclude>
    <ClInclude Include="queue,deque\circularDeque.h">
      <Filter>헤더 파일</Filter>
    </ClInclude>
    <ClInclude Include="queue,deque\circularQueue.h">
      <Filter>헤더 파일</Filter>
    </ClInclude>
    <ClInclude Include="queue,deque\customer.h">
      <Filter>헤더 파일</Filter>
    </ClInclude>
    <ClInclude Include="stack\student.h">
      <Filter>헤더 파일</Filter>
    </ClInclude>
    <ClInclude Include="linkedListStack\nodeStack.h">
      <Filter>헤더 파일</Filter>
    </ClInclude>
    <ClInclude Include="linkedListStack\linkedStack.h">
      <Filter>헤더 파일</Filter>
    </ClInclude>
    <ClInclude Include="linkedListStack\student.h">
      <Filter>헤더 파일</Filter>
    </ClInclude>
    <ClInclude Include="linkedListQueue\linkedQueue.h">
      <Filter>헤더 파일</Filter>
    </ClInclude>
    <ClInclude Include="linkedListQueue\nodeQueue.h">
      <Filter>헤더 파일</Filter>
    </ClInclude>
    <ClInclude Include="linkedListQueue\student.h">
      <Filter>헤더 파일</Filter>
    </ClInclude>
    <ClInclude Include="linkedListQueue\studentQueue.h">
      <Filter>헤더 파일</Filter>
    </ClInclude>
    <ClInclude Include="list\arrayList.h">
      <Filter>헤더 파일</Filter>
    </ClInclude>
    <ClInclude Include="list\linkedList.h">
      <Filter>헤더 파일</Filter>
    </ClInclude>
    <ClInclude Include="list\nodeList.h">
      <Filter>헤더 파일</Filter>
    </ClInclude>
    <ClInclude Include="list\dblLinkedList.h">
      <Filter>헤더 파일</Filter>
    </ClInclude>
    <ClInclude Include="list\linkedDeque.h">
      <Filter>헤더 파일</Filter>
    </ClInclude>
    <ClInclude Include="list\node2List.h">
      <Filter>헤더 파일</Filter>
    </ClInclude>
    <ClInclude Include="linkedListtextEditor\line.h">
      <Filter>헤더 파일</Filter>
    </ClInclude>
    <ClInclude Include="linkedListtextEditor\lineEditor.h">
      <Filter>헤더 파일</Filter>
    </ClInclude>
    <ClInclude Include="linkedListtextEditor\linkedList.h">
      <Filter>헤더 파일</Filter>
    </ClInclude>
    <ClInclude Include="linkedListtextEditor\node.h">
      <Filter>헤더 파일</Filter>
    </ClInclude>
    <ClInclude Include="recursion\location2DRecursion.h">
      <Filter>헤더 파일</Filter>
    </ClInclude>
    <ClInclude Include="binaryTree\binaryNode.h">
      <Filter>헤더 파일</Filter>
    </ClInclude>
    <ClInclude Include="binaryTree\binaryTree.h">
      <Filter>헤더 파일</Filter>
    </ClInclude>
    <ClInclude Include="binaryTree\binSrchTree.h">
      <Filter>헤더 파일</Filter>
    </ClInclude>
    <ClInclude Include="binaryTree\circularQueue.h">
      <Filter>헤더 파일</Filter>
    </ClInclude>
    <ClInclude Include="binaryTree\record.h">
      <Filter>헤더 파일</Filter>
    </ClInclude>
    <ClInclude Include="binaryTree\recordBinaryNode.h">
      <Filter>헤더 파일</Filter>
    </ClInclude>
    <ClInclude Include="binaryTree\recordBinaryTree.h">
      <Filter>헤더 파일</Filter>
    </ClInclude>
    <ClInclude Include="binaryTree\recordBinSrchTree.h">
      <Filter>헤더 파일</Filter>
    </ClInclude>
    <ClInclude Include="binaryTree\recordDictionary.h">
      <Filter>헤더 파일</Filter>
    </ClInclude>
    <ClInclude Include="binaryTree\threadedBinNode.h">
      <Filter>헤더 파일</Filter>
    </ClInclude>
    <ClInclude Include="binaryTree\threadedBinTree.h">
      <Filter>헤더 파일</Filter>
    </ClInclude>
    <ClInclude Include="heap,priorityQueue\priorityQueue.h">
      <Filter>헤더 파일</Filter>
    </ClInclude>
    <ClInclude Include="heap,priorityQueue\heapNode.h">
      <Filter>헤더 파일</Filter>
    </ClInclude>
    <ClInclude Include="heap,priorityQueue\maxHeap.h">
      <Filter>헤더 파일</Filter>
    </ClInclude>
    <ClInclude Include="heap,priorityQueue\minHeap.h">
      <Filter>헤더 파일</Filter>
    </ClInclude>
    <ClInclude Include="graph\topoSortGraph.h">
      <Filter>헤더 파일</Filter>
    </ClInclude>
    <ClInclude Include="graph\adjListGraph.h">
      <Filter>헤더 파일</Filter>
    </ClInclude>
    <ClInclude Include="graph\adjMatGraph.h">
      <Filter>헤더 파일</Filter>
    </ClInclude>
    <ClInclude Include="graph\arrayStack.h">
      <Filter>헤더 파일</Filter>
    </ClInclude>
    <ClInclude Include="graph\circularQueue.h">
      <Filter>헤더 파일</Filter>
    </ClInclude>
    <ClInclude Include="graph\connectedComponentGraph.h">
      <Filter>헤더 파일</Filter>
    </ClInclude>
    <ClInclude Include="graph\node.h">
      <Filter>헤더 파일</Filter>
    </ClInclude>
    <ClInclude Include="graph\srchALGraph.h">
      <Filter>헤더 파일</Filter>
    </ClInclude>
    <ClInclude Include="graph\srchAMGraph.h">
      <Filter>헤더 파일</Filter>
    </ClInclude>
    <ClInclude Include="wGraph\wGraphMST.h">
      <Filter>헤더 파일</Filter>
    </ClInclude>
    <ClInclude Include="wGraph\adjMatGraph.h">
      <Filter>헤더 파일</Filter>
    </ClInclude>
    <ClInclude Include="wGraph\heapNode.h">
      <Filter>헤더 파일</Filter>
    </ClInclude>
    <ClInclude Include="wGraph\minHeap.h">
      <Filter>헤더 파일</Filter>
    </ClInclude>
    <ClInclude Include="wGraph\vertextSets.h">
      <Filter>헤더 파일</Filter>
    </ClInclude>
    <ClInclude Include="wGraph\wGraph.h">
      <Filter>헤더 파일</Filter>
    </ClInclude>
    <ClInclude Include="wGraph\wGraphDijkstra.h">
      <Filter>헤더 파일</Filter>
    </ClInclude>
    <ClInclude Include="wGraph\wGraphFloyd.h">
      <Filter>헤더 파일</Filter>
    </ClInclude>
  </ItemGroup>
</Project>